
Microsoft Visual Studio Solution File, Format Version 12.00
# Visual Studio Version 16
VisualStudioVersion = 16.0.29519.87
MinimumVisualStudioVersion = 10.0.40219.1
Project("{FAE04EC0-301F-11D3-BF4B-00C04F79EFBC}") = "AOCDay2Part2", "AOCDay2Part2\AOCDay2Part2.csproj", "{64F28081-B4D8-454E-A377-E448009D0EE6}"
EndProject
Global
	GlobalSection(SolutionConfigurationPlatforms) = preSolution
		Debug|Any CPU = Debug|Any CPU
		Release|Any CPU = Release|Any CPU
	EndGlobalSection
	GlobalSection(ProjectConfigurationPlatforms) = postSolution
		{64F28081-B4D8-454E-A377-E448009D0EE6}.Debug|Any CPU.ActiveCfg = Debug|Any CPU
		{64F28081-B4D8-454E-A377-E448009D0EE6}.Debug|Any CPU.Build.0 = Debug|Any CPU
		{64F28081-B4D8-454E-A377-E448009D0EE6}.Release|Any CPU.ActiveCfg = Release|Any CPU
		{64F28081-B4D8-454E-A377-E448009D0EE6}.Release|Any CPU.Build.0 = Release|Any CPU
	EndGlobalSection
	GlobalSection(SolutionProperties) = preSolution
		HideSolutionNode = FALSE
	EndGlobalSection
	GlobalSection(ExtensibilityGlobals) = postSolution
		SolutionGuid = {7F1B60BA-E2F1-4092-A60E-CEE508627FD6}
	EndGlobalSection
EndGlobal
